
Microsoft Visual Studio Solution File, Format Version 12.00
# Visual Studio Version 16
VisualStudioVersion = 16.0.30621.155
MinimumVisualStudioVersion = 10.0.40219.1
Project("{9A19103F-16F7-4668-BE54-9A1E7A4F7556}") = "DataAccess", "DataAccess\DataAccess.csproj", "{FE1B437F-E54A-41D2-83F3-C48BB45E13D1}"
EndProject
Project("{9A19103F-16F7-4668-BE54-9A1E7A4F7556}") = "Business", "Business\Business.csproj", "{C07DCB99-9254-44BA-84BB-69D684017621}"
EndProject
Project("{9A19103F-16F7-4668-BE54-9A1E7A4F7556}") = "Entities", "Entities\Entities.csproj", "{1A870CD4-88C8-4AD2-912E-FC0E39711238}"
EndProject
Project("{9A19103F-16F7-4668-BE54-9A1E7A4F7556}") = "ConsoleUI", "ConsoleUI\ConsoleUI.csproj", "{9920DA36-3F48-4DAD-9802-F83F0CA14746}"
EndProject
Project("{FAE04EC0-301F-11D3-BF4B-00C04F79EFBC}") = "Core", "Core\Core.csproj", "{02E8BFC3-9C39-416E-B208-0FA2572A30DF}"
EndProject
Global
	GlobalSection(SolutionConfigurationPlatforms) = preSolution
		Debug|Any CPU = Debug|Any CPU
		Release|Any CPU = Release|Any CPU
	EndGlobalSection
	GlobalSection(ProjectConfigurationPlatforms) = postSolution
		{FE1B437F-E54A-41D2-83F3-C48BB45E13D1}.Debug|Any CPU.ActiveCfg = Debug|Any CPU
		{FE1B437F-E54A-41D2-83F3-C48BB45E13D1}.Debug|Any CPU.Build.0 = Debug|Any CPU
		{FE1B437F-E54A-41D2-83F3-C48BB45E13D1}.Release|Any CPU.ActiveCfg = Release|Any CPU
		{FE1B437F-E54A-41D2-83F3-C48BB45E13D1}.Release|Any CPU.Build.0 = Release|Any CPU
		{C07DCB99-9254-44BA-84BB-69D684017621}.Debug|Any CPU.ActiveCfg = Debug|Any CPU
		{C07DCB99-9254-44BA-84BB-69D684017621}.Debug|Any CPU.Build.0 = Debug|Any CPU
		{C07DCB99-9254-44BA-84BB-69D684017621}.Release|Any CPU.ActiveCfg = Release|Any CPU
		{C07DCB99-9254-44BA-84BB-69D684017621}.Release|Any CPU.Build.0 = Release|Any CPU
		{1A870CD4-88C8-4AD2-912E-FC0E39711238}.Debug|Any CPU.ActiveCfg = Debug|Any CPU
		{1A870CD4-88C8-4AD2-912E-FC0E39711238}.Debug|Any CPU.Build.0 = Debug|Any CPU
		{1A870CD4-88C8-4AD2-912E-FC0E39711238}.Release|Any CPU.ActiveCfg = Release|Any CPU
		{1A870CD4-88C8-4AD2-912E-FC0E39711238}.Release|Any CPU.Build.0 = Release|Any CPU
		{9920DA36-3F48-4DAD-9802-F83F0CA14746}.Debug|Any CPU.ActiveCfg = Debug|Any CPU
		{9920DA36-3F48-4DAD-9802-F83F0CA14746}.Debug|Any CPU.Build.0 = Debug|Any CPU
		{9920DA36-3F48-4DAD-9802-F83F0CA14746}.Release|Any CPU.ActiveCfg = Release|Any CPU
		{9920DA36-3F48-4DAD-9802-F83F0CA14746}.Release|Any CPU.Build.0 = Release|Any CPU
		{02E8BFC3-9C39-416E-B208-0FA2572A30DF}.Debug|Any CPU.ActiveCfg = Debug|Any CPU
		{02E8BFC3-9C39-416E-B208-0FA2572A30DF}.Debug|Any CPU.Build.0 = Debug|Any CPU
		{02E8BFC3-9C39-416E-B208-0FA2572A30DF}.Release|Any CPU.ActiveCfg = Release|Any CPU
		{02E8BFC3-9C39-416E-B208-0FA2572A30DF}.Release|Any CPU.Build.0 = Release|Any CPU
	EndGlobalSection
	GlobalSection(SolutionProperties) = preSolution
		HideSolutionNode = FALSE
	EndGlobalSection
	GlobalSection(ExtensibilityGlobals) = postSolution
		SolutionGuid = {476F0D82-58C8-470F-BB99-1D2BC2F24E98}
	EndGlobalSection
EndGlobal
